
Microsoft Visual Studio Solution File, Format Version 12.00
# Visual Studio Version 17
VisualStudioVersion = 17.2.32516.85
MinimumVisualStudioVersion = 10.0.40219.1
Project("{FAE04EC0-301F-11D3-BF4B-00C04F79EFBC}") = "Ksb.Api", "Ksb.Api\Ksb.Api.csproj", "{6C817DD5-08AB-4732-967A-F6B7FDD9393B}"
EndProject
Project("{FAE04EC0-301F-11D3-BF4B-00C04F79EFBC}") = "Ksb.Domain", "Ksb.Domain\Ksb.Domain.csproj", "{56367FD7-9859-4403-97D7-E9E3A7F9EE73}"
EndProject
Project("{FAE04EC0-301F-11D3-BF4B-00C04F79EFBC}") = "Ksb.BusinessObject", "Ksb.BusinessObject\Ksb.BusinessObject.csproj", "{6D1E5390-6646-443A-AE00-169AA49DC7C2}"
EndProject
Project("{FAE04EC0-301F-11D3-BF4B-00C04F79EFBC}") = "Ksb.Repository", "Ksb.Repository\Ksb.Repository.csproj", "{4CCCE321-C94D-4600-A53F-B066CCD34CA6}"
EndProject
Project("{FAE04EC0-301F-11D3-BF4B-00C04F79EFBC}") = "Ksb.EFReposiitory", "Ksb.EFReposiitory\Ksb.EFReposiitory.csproj", "{793F6463-473A-4B06-AEE8-88BD54CC2465}"
EndProject
Global
	GlobalSection(SolutionConfigurationPlatforms) = preSolution
		Debug|Any CPU = Debug|Any CPU
		Release|Any CPU = Release|Any CPU
	EndGlobalSection
	GlobalSection(ProjectConfigurationPlatforms) = postSolution
		{6C817DD5-08AB-4732-967A-F6B7FDD9393B}.Debug|Any CPU.ActiveCfg = Debug|Any CPU
		{6C817DD5-08AB-4732-967A-F6B7FDD9393B}.Debug|Any CPU.Build.0 = Debug|Any CPU
		{6C817DD5-08AB-4732-967A-F6B7FDD9393B}.Release|Any CPU.ActiveCfg = Release|Any CPU
		{6C817DD5-08AB-4732-967A-F6B7FDD9393B}.Release|Any CPU.Build.0 = Release|Any CPU
		{56367FD7-9859-4403-97D7-E9E3A7F9EE73}.Debug|Any CPU.ActiveCfg = Debug|Any CPU
		{56367FD7-9859-4403-97D7-E9E3A7F9EE73}.Debug|Any CPU.Build.0 = Debug|Any CPU
		{56367FD7-9859-4403-97D7-E9E3A7F9EE73}.Release|Any CPU.ActiveCfg = Release|Any CPU
		{56367FD7-9859-4403-97D7-E9E3A7F9EE73}.Release|Any CPU.Build.0 = Release|Any CPU
		{6D1E5390-6646-443A-AE00-169AA49DC7C2}.Debug|Any CPU.ActiveCfg = Debug|Any CPU
		{6D1E5390-6646-443A-AE00-169AA49DC7C2}.Debug|Any CPU.Build.0 = Debug|Any CPU
		{6D1E5390-6646-443A-AE00-169AA49DC7C2}.Release|Any CPU.ActiveCfg = Release|Any CPU
		{6D1E5390-6646-443A-AE00-169AA49DC7C2}.Release|Any CPU.Build.0 = Release|Any CPU
		{4CCCE321-C94D-4600-A53F-B066CCD34CA6}.Debug|Any CPU.ActiveCfg = Debug|Any CPU
		{4CCCE321-C94D-4600-A53F-B066CCD34CA6}.Debug|Any CPU.Build.0 = Debug|Any CPU
		{4CCCE321-C94D-4600-A53F-B066CCD34CA6}.Release|Any CPU.ActiveCfg = Release|Any CPU
		{4CCCE321-C94D-4600-A53F-B066CCD34CA6}.Release|Any CPU.Build.0 = Release|Any CPU
		{793F6463-473A-4B06-AEE8-88BD54CC2465}.Debug|Any CPU.ActiveCfg = Debug|Any CPU
		{793F6463-473A-4B06-AEE8-88BD54CC2465}.Debug|Any CPU.Build.0 = Debug|Any CPU
		{793F6463-473A-4B06-AEE8-88BD54CC2465}.Release|Any CPU.ActiveCfg = Release|Any CPU
		{793F6463-473A-4B06-AEE8-88BD54CC2465}.Release|Any CPU.Build.0 = Release|Any CPU
	EndGlobalSection
	GlobalSection(SolutionProperties) = preSolution
		HideSolutionNode = FALSE
	EndGlobalSection
	GlobalSection(ExtensibilityGlobals) = postSolution
		SolutionGuid = {7D6BE5D8-9106-41B6-B1C7-0B63F9C859DD}
	EndGlobalSection
EndGlobal
